
Microsoft Visual Studio Solution File, Format Version 12.00
# Visual Studio Version 16
VisualStudioVersion = 16.0.31624.102
MinimumVisualStudioVersion = 10.0.40219.1
Project("{FAE04EC0-301F-11D3-BF4B-00C04F79EFBC}") = "Variables", "Variables.csproj", "{6817B3C7-FB47-4741-A3F1-ACBBFAB2FEB9}"
EndProject
Global
	GlobalSection(SolutionConfigurationPlatforms) = preSolution
		Debug|Any CPU = Debug|Any CPU
		Release|Any CPU = Release|Any CPU
	EndGlobalSection
	GlobalSection(ProjectConfigurationPlatforms) = postSolution
		{6817B3C7-FB47-4741-A3F1-ACBBFAB2FEB9}.Debug|Any CPU.ActiveCfg = Debug|Any CPU
		{6817B3C7-FB47-4741-A3F1-ACBBFAB2FEB9}.Debug|Any CPU.Build.0 = Debug|Any CPU
		{6817B3C7-FB47-4741-A3F1-ACBBFAB2FEB9}.Release|Any CPU.ActiveCfg = Release|Any CPU
		{6817B3C7-FB47-4741-A3F1-ACBBFAB2FEB9}.Release|Any CPU.Build.0 = Release|Any CPU
	EndGlobalSection
	GlobalSection(SolutionProperties) = preSolution
		HideSolutionNode = FALSE
	EndGlobalSection
	GlobalSection(ExtensibilityGlobals) = postSolution
		SolutionGuid = {52EB86B8-8230-472D-85D6-2647D60811BB}
	EndGlobalSection
EndGlobal
