
Microsoft Visual Studio Solution File, Format Version 12.00
# Visual Studio Version 16
VisualStudioVersion = 16.0.31624.102
MinimumVisualStudioVersion = 10.0.40219.1
Project("{FAE04EC0-301F-11D3-BF4B-00C04F79EFBC}") = "Rock-Paper-Scissors", "Rock-Paper-Scissors.csproj", "{5BA4A2CF-479D-47A6-B6BA-888324783FCE}"
EndProject
Global
	GlobalSection(SolutionConfigurationPlatforms) = preSolution
		Debug|Any CPU = Debug|Any CPU
		Release|Any CPU = Release|Any CPU
	EndGlobalSection
	GlobalSection(ProjectConfigurationPlatforms) = postSolution
		{5BA4A2CF-479D-47A6-B6BA-888324783FCE}.Debug|Any CPU.ActiveCfg = Debug|Any CPU
		{5BA4A2CF-479D-47A6-B6BA-888324783FCE}.Debug|Any CPU.Build.0 = Debug|Any CPU
		{5BA4A2CF-479D-47A6-B6BA-888324783FCE}.Release|Any CPU.ActiveCfg = Release|Any CPU
		{5BA4A2CF-479D-47A6-B6BA-888324783FCE}.Release|Any CPU.Build.0 = Release|Any CPU
	EndGlobalSection
	GlobalSection(SolutionProperties) = preSolution
		HideSolutionNode = FALSE
	EndGlobalSection
	GlobalSection(ExtensibilityGlobals) = postSolution
		SolutionGuid = {BE411103-0E01-4677-B756-62C48FD2B945}
	EndGlobalSection
EndGlobal
